// !$*UTF8*$!
{
	archiveVersion = 1;
	classes = {
	};
	objectVersion = 56;
	objects = {

/* Begin PBXBuildFile section */
		844E687A2C8F27A40079902B /* Alamofire in Frameworks */ = {isa = PBXBuildFile; productRef = 844E68792C8F27A40079902B /* Alamofire */; };
		8496CC1D2C8F09080089A313 /* SushiApp.swift in Sources */ = {isa = PBXBuildFile; fileRef = 8496CC1C2C8F09080089A313 /* SushiApp.swift */; };
		8496CC1F2C8F09080089A313 /* ContentView.swift in Sources */ = {isa = PBXBuildFile; fileRef = 8496CC1E2C8F09080089A313 /* ContentView.swift */; };
		8496CC212C8F090B0089A313 /* Images.xcassets in Resources */ = {isa = PBXBuildFile; fileRef = 8496CC202C8F090B0089A313 /* Images.xcassets */; };
		8496CC242C8F090B0089A313 /* Preview Assets.xcassets in Resources */ = {isa = PBXBuildFile; fileRef = 8496CC232C8F090B0089A313 /* Preview Assets.xcassets */; };
		84D74E2F2C9587B80027AF0E /* Colors.xcassets in Resources */ = {isa = PBXBuildFile; fileRef = 84D74E2E2C9587B80027AF0E /* Colors.xcassets */; };
		84D9FD252C9B121D00F6AFCD /* MenuItemsGridView.swift in Sources */ = {isa = PBXBuildFile; fileRef = 84D9FD242C9B121D00F6AFCD /* MenuItemsGridView.swift */; };
		84D9FD292C9B145B00F6AFCD /* MenuTabView.swift in Sources */ = {isa = PBXBuildFile; fileRef = 84D9FD282C9B145B00F6AFCD /* MenuTabView.swift */; };
		84E16CCC2C907D94003926F4 /* VerticalGridView.swift in Sources */ = {isa = PBXBuildFile; fileRef = 84E16CCB2C907D94003926F4 /* VerticalGridView.swift */; };
		84E16CCE2C9086D9003926F4 /* MenuItemView.swift in Sources */ = {isa = PBXBuildFile; fileRef = 84E16CCD2C9086D9003926F4 /* MenuItemView.swift */; };
		84E16CD02C908E87003926F4 /* MenuItem.swift in Sources */ = {isa = PBXBuildFile; fileRef = 84E16CCF2C908E87003926F4 /* MenuItem.swift */; };
		84FCC93D2C9865CF0041F5C2 /* HorizontalScrollableTabBar.swift in Sources */ = {isa = PBXBuildFile; fileRef = 84FCC93C2C9865CF0041F5C2 /* HorizontalScrollableTabBar.swift */; };
		84FCC9412C9868520041F5C2 /* MenuViewModel.swift in Sources */ = {isa = PBXBuildFile; fileRef = 84FCC9402C9868520041F5C2 /* MenuViewModel.swift */; };
		84FCC9432C9868890041F5C2 /* Menu.swift in Sources */ = {isa = PBXBuildFile; fileRef = 84FCC9422C9868890041F5C2 /* Menu.swift */; };
		84FCC9452C986A8A0041F5C2 /* TabViewItemView.swift in Sources */ = {isa = PBXBuildFile; fileRef = 84FCC9442C986A8A0041F5C2 /* TabViewItemView.swift */; };
/* End PBXBuildFile section */

/* Begin PBXFileReference section */
		8496CC192C8F09080089A313 /* Sushi.app */ = {isa = PBXFileReference; explicitFileType = wrapper.application; includeInIndex = 0; path = Sushi.app; sourceTree = BUILT_PRODUCTS_DIR; };
		8496CC1C2C8F09080089A313 /* SushiApp.swift */ = {isa = PBXFileReference; lastKnownFileType = sourcecode.swift; path = SushiApp.swift; sourceTree = "<group>"; };
		8496CC1E2C8F09080089A313 /* ContentView.swift */ = {isa = PBXFileReference; lastKnownFileType = sourcecode.swift; path = ContentView.swift; sourceTree = "<group>"; };
		8496CC202C8F090B0089A313 /* Images.xcassets */ = {isa = PBXFileReference; lastKnownFileType = folder.assetcatalog; path = Images.xcassets; sourceTree = "<group>"; };
		8496CC232C8F090B0089A313 /* Preview Assets.xcassets */ = {isa = PBXFileReference; lastKnownFileType = folder.assetcatalog; path = "Preview Assets.xcassets"; sourceTree = "<group>"; };
		84D74E2E2C9587B80027AF0E /* Colors.xcassets */ = {isa = PBXFileReference; lastKnownFileType = folder.assetcatalog; path = Colors.xcassets; sourceTree = "<group>"; };
		84D9FD242C9B121D00F6AFCD /* MenuItemsGridView.swift */ = {isa = PBXFileReference; lastKnownFileType = sourcecode.swift; path = MenuItemsGridView.swift; sourceTree = "<group>"; };
		84D9FD282C9B145B00F6AFCD /* MenuTabView.swift */ = {isa = PBXFileReference; lastKnownFileType = sourcecode.swift; path = MenuTabView.swift; sourceTree = "<group>"; };
		84E16CCB2C907D94003926F4 /* VerticalGridView.swift */ = {isa = PBXFileReference; lastKnownFileType = sourcecode.swift; path = VerticalGridView.swift; sourceTree = "<group>"; };
		84E16CCD2C9086D9003926F4 /* MenuItemView.swift */ = {isa = PBXFileReference; lastKnownFileType = sourcecode.swift; path = MenuItemView.swift; sourceTree = "<group>"; };
		84E16CCF2C908E87003926F4 /* MenuItem.swift */ = {isa = PBXFileReference; lastKnownFileType = sourcecode.swift; path = MenuItem.swift; sourceTree = "<group>"; };
		84FCC93C2C9865CF0041F5C2 /* HorizontalScrollableTabBar.swift */ = {isa = PBXFileReference; lastKnownFileType = sourcecode.swift; path = HorizontalScrollableTabBar.swift; sourceTree = "<group>"; };
		84FCC9402C9868520041F5C2 /* MenuViewModel.swift */ = {isa = PBXFileReference; lastKnownFileType = sourcecode.swift; path = MenuViewModel.swift; sourceTree = "<group>"; };
		84FCC9422C9868890041F5C2 /* Menu.swift */ = {isa = PBXFileReference; lastKnownFileType = sourcecode.swift; path = Menu.swift; sourceTree = "<group>"; };
		84FCC9442C986A8A0041F5C2 /* TabViewItemView.swift */ = {isa = PBXFileReference; lastKnownFileType = sourcecode.swift; path = TabViewItemView.swift; sourceTree = "<group>"; };
/* End PBXFileReference section */

/* Begin PBXFrameworksBuildPhase section */
		8496CC162C8F09080089A313 /* Frameworks */ = {
			isa = PBXFrameworksBuildPhase;
			buildActionMask = 2147483647;
			files = (
				844E687A2C8F27A40079902B /* Alamofire in Frameworks */,
			);
			runOnlyForDeploymentPostprocessing = 0;
		};
/* End PBXFrameworksBuildPhase section */

/* Begin PBXGroup section */
		844E68782C8F27A40079902B /* Frameworks */ = {
			isa = PBXGroup;
			children = (
			);
			name = Frameworks;
			sourceTree = "<group>";
		};
		8496CC102C8F09080089A313 = {
			isa = PBXGroup;
			children = (
				8496CC1B2C8F09080089A313 /* Sushi */,
				8496CC1A2C8F09080089A313 /* Products */,
				844E68782C8F27A40079902B /* Frameworks */,
			);
			sourceTree = "<group>";
		};
		8496CC1A2C8F09080089A313 /* Products */ = {
			isa = PBXGroup;
			children = (
				8496CC192C8F09080089A313 /* Sushi.app */,
			);
			name = Products;
			sourceTree = "<group>";
		};
		8496CC1B2C8F09080089A313 /* Sushi */ = {
			isa = PBXGroup;
			children = (
				8496CC1C2C8F09080089A313 /* SushiApp.swift */,
				8496CC1E2C8F09080089A313 /* ContentView.swift */,
				84D9FD272C9B13B100F6AFCD /* MenuTabView */,
				84D9FD262C9B125A00F6AFCD /* MenuItemsGrid */,
				84FCC93E2C9865F20041F5C2 /* GridViews */,
				84FCC93F2C9866080041F5C2 /* HorizontalTab */,
				84D74E302C9587DE0027AF0E /* Resources */,
				8496CC222C8F090B0089A313 /* Preview Content */,
			);
			path = Sushi;
			sourceTree = "<group>";
		};
		8496CC222C8F090B0089A313 /* Preview Content */ = {
			isa = PBXGroup;
			children = (
				8496CC232C8F090B0089A313 /* Preview Assets.xcassets */,
			);
			path = "Preview Content";
			sourceTree = "<group>";
		};
		84D74E302C9587DE0027AF0E /* Resources */ = {
			isa = PBXGroup;
			children = (
				8496CC202C8F090B0089A313 /* Images.xcassets */,
				84D74E2E2C9587B80027AF0E /* Colors.xcassets */,
			);
			path = Resources;
			sourceTree = "<group>";
		};
		84D9FD262C9B125A00F6AFCD /* MenuItemsGrid */ = {
			isa = PBXGroup;
			children = (
				84E16CCD2C9086D9003926F4 /* MenuItemView.swift */,
				84D9FD242C9B121D00F6AFCD /* MenuItemsGridView.swift */,
				84E16CCF2C908E87003926F4 /* MenuItem.swift */,
			);
			path = MenuItemsGrid;
			sourceTree = "<group>";
		};
		84D9FD272C9B13B100F6AFCD /* MenuTabView */ = {
			isa = PBXGroup;
			children = (
				84D9FD282C9B145B00F6AFCD /* MenuTabView.swift */,
				84FCC9402C9868520041F5C2 /* MenuViewModel.swift */,
			);
			path = MenuTabView;
			sourceTree = "<group>";
		};
		84FCC93E2C9865F20041F5C2 /* GridViews */ = {
			isa = PBXGroup;
			children = (
				84E16CCB2C907D94003926F4 /* VerticalGridView.swift */,
			);
			path = GridViews;
			sourceTree = "<group>";
		};
		84FCC93F2C9866080041F5C2 /* HorizontalTab */ = {
			isa = PBXGroup;
			children = (
				84FCC93C2C9865CF0041F5C2 /* HorizontalScrollableTabBar.swift */,
				84FCC9442C986A8A0041F5C2 /* TabViewItemView.swift */,
				84FCC9422C9868890041F5C2 /* Menu.swift */,
			);
			path = HorizontalTab;
			sourceTree = "<group>";
		};
/* End PBXGroup section */

/* Begin PBXNativeTarget section */
		8496CC182C8F09080089A313 /* Sushi */ = {
			isa = PBXNativeTarget;
			buildConfigurationList = 8496CC272C8F090B0089A313 /* Build configuration list for PBXNativeTarget "Sushi" */;
			buildPhases = (
				8496CC152C8F09080089A313 /* Sources */,
				8496CC162C8F09080089A313 /* Frameworks */,
				8496CC172C8F09080089A313 /* Resources */,
			);
			buildRules = (
			);
			dependencies = (
			);
			name = Sushi;
			packageProductDependencies = (
				844E68792C8F27A40079902B /* Alamofire */,
			);
			productName = Sushi;
			productReference = 8496CC192C8F09080089A313 /* Sushi.app */;
			productType = "com.apple.product-type.application";
		};
/* End PBXNativeTarget section */

/* Begin PBXProject section */
		8496CC112C8F09080089A313 /* Project object */ = {
			isa = PBXProject;
			attributes = {
				BuildIndependentTargetsInParallel = 1;
				LastSwiftUpdateCheck = 1540;
				LastUpgradeCheck = 1540;
				TargetAttributes = {
					8496CC182C8F09080089A313 = {
						CreatedOnToolsVersion = 15.4;
					};
				};
			};
			buildConfigurationList = 8496CC142C8F09080089A313 /* Build configuration list for PBXProject "Sushi" */;
			compatibilityVersion = "Xcode 14.0";
			developmentRegion = en;
			hasScannedForEncodings = 0;
			knownRegions = (
				en,
				Base,
			);
			mainGroup = 8496CC102C8F09080089A313;
			packageReferences = (
				8496CC2A2C8F12660089A313 /* XCRemoteSwiftPackageReference "Alamofire" */,
			);
			productRefGroup = 8496CC1A2C8F09080089A313 /* Products */;
			projectDirPath = "";
			projectRoot = "";
			targets = (
				8496CC182C8F09080089A313 /* Sushi */,
			);
		};
/* End PBXProject section */

/* Begin PBXResourcesBuildPhase section */
		8496CC172C8F09080089A313 /* Resources */ = {
			isa = PBXResourcesBuildPhase;
			buildActionMask = 2147483647;
			files = (
				84D74E2F2C9587B80027AF0E /* Colors.xcassets in Resources */,
				8496CC242C8F090B0089A313 /* Preview Assets.xcassets in Resources */,
				8496CC212C8F090B0089A313 /* Images.xcassets in Resources */,
			);
			runOnlyForDeploymentPostprocessing = 0;
		};
/* End PBXResourcesBuildPhase section */

/* Begin PBXSourcesBuildPhase section */
		8496CC152C8F09080089A313 /* Sources */ = {
			isa = PBXSourcesBuildPhase;
			buildActionMask = 2147483647;
			files = (
				8496CC1F2C8F09080089A313 /* ContentView.swift in Sources */,
				84D9FD292C9B145B00F6AFCD /* MenuTabView.swift in Sources */,
				84FCC9412C9868520041F5C2 /* MenuViewModel.swift in Sources */,
				84FCC9432C9868890041F5C2 /* Menu.swift in Sources */,
				84D9FD252C9B121D00F6AFCD /* MenuItemsGridView.swift in Sources */,
				84E16CCE2C9086D9003926F4 /* MenuItemView.swift in Sources */,
				8496CC1D2C8F09080089A313 /* SushiApp.swift in Sources */,
				84FCC93D2C9865CF0041F5C2 /* HorizontalScrollableTabBar.swift in Sources */,
				84FCC9452C986A8A0041F5C2 /* TabViewItemView.swift in Sources */,
				84E16CD02C908E87003926F4 /* MenuItem.swift in Sources */,
				84E16CCC2C907D94003926F4 /* VerticalGridView.swift in Sources */,
			);
			runOnlyForDeploymentPostprocessing = 0;
		};
/* End PBXSourcesBuildPhase section */

/* Begin XCBuildConfiguration section */
		8496CC252C8F090B0089A313 /* Debug */ = {
			isa = XCBuildConfiguration;
			buildSettings = {
				ALWAYS_SEARCH_USER_PATHS = NO;
				ASSETCATALOG_COMPILER_GENERATE_SWIFT_ASSET_SYMBOL_EXTENSIONS = YES;
				CLANG_ANALYZER_NONNULL = YES;
				CLANG_ANALYZER_NUMBER_OBJECT_CONVERSION = YES_AGGRESSIVE;
				CLANG_CXX_LANGUAGE_STANDARD = "gnu++20";
				CLANG_ENABLE_MODULES = YES;
				CLANG_ENABLE_OBJC_ARC = YES;
				CLANG_ENABLE_OBJC_WEAK = YES;
				CLANG_WARN_BLOCK_CAPTURE_AUTORELEASING = YES;
				CLANG_WARN_BOOL_CONVERSION = YES;
				CLANG_WARN_COMMA = YES;
				CLANG_WARN_CONSTANT_CONVERSION = YES;
				CLANG_WARN_DEPRECATED_OBJC_IMPLEMENTATIONS = YES;
				CLANG_WARN_DIRECT_OBJC_ISA_USAGE = YES_ERROR;
				CLANG_WARN_DOCUMENTATION_COMMENTS = YES;
				CLANG_WARN_EMPTY_BODY = YES;
				CLANG_WARN_ENUM_CONVERSION = YES;
				CLANG_WARN_INFINITE_RECURSION = YES;
				CLANG_WARN_INT_CONVERSION = YES;
				CLANG_WARN_NON_LITERAL_NULL_CONVERSION = YES;
				CLANG_WARN_OBJC_IMPLICIT_RETAIN_SELF = YES;
				CLANG_WARN_OBJC_LITERAL_CONVERSION = YES;
				CLANG_WARN_OBJC_ROOT_CLASS = YES_ERROR;
				CLANG_WARN_QUOTED_INCLUDE_IN_FRAMEWORK_HEADER = YES;
				CLANG_WARN_RANGE_LOOP_ANALYSIS = YES;
				CLANG_WARN_STRICT_PROTOTYPES = YES;
				CLANG_WARN_SUSPICIOUS_MOVE = YES;
				CLANG_WARN_UNGUARDED_AVAILABILITY = YES_AGGRESSIVE;
				CLANG_WARN_UNREACHABLE_CODE = YES;
				CLANG_WARN__DUPLICATE_METHOD_MATCH = YES;
				COPY_PHASE_STRIP = NO;
				DEBUG_INFORMATION_FORMAT = dwarf;
				ENABLE_STRICT_OBJC_MSGSEND = YES;
				ENABLE_TESTABILITY = YES;
				ENABLE_USER_SCRIPT_SANDBOXING = YES;
				GCC_C_LANGUAGE_STANDARD = gnu17;
				GCC_DYNAMIC_NO_PIC = NO;
				GCC_NO_COMMON_BLOCKS = YES;
				GCC_OPTIMIZATION_LEVEL = 0;
				GCC_PREPROCESSOR_DEFINITIONS = (
					"DEBUG=1",
					"$(inherited)",
				);
				GCC_WARN_64_TO_32_BIT_CONVERSION = YES;
				GCC_WARN_ABOUT_RETURN_TYPE = YES_ERROR;
				GCC_WARN_UNDECLARED_SELECTOR = YES;
				GCC_WARN_UNINITIALIZED_AUTOS = YES_AGGRESSIVE;
				GCC_WARN_UNUSED_FUNCTION = YES;
				GCC_WARN_UNUSED_VARIABLE = YES;
				IPHONEOS_DEPLOYMENT_TARGET = 17.5;
				LOCALIZATION_PREFERS_STRING_CATALOGS = YES;
				MTL_ENABLE_DEBUG_INFO = INCLUDE_SOURCE;
				MTL_FAST_MATH = YES;
				ONLY_ACTIVE_ARCH = YES;
				SDKROOT = iphoneos;
				SWIFT_ACTIVE_COMPILATION_CONDITIONS = "DEBUG $(inherited)";
				SWIFT_OPTIMIZATION_LEVEL = "-Onone";
			};
			name = Debug;
		};
		8496CC262C8F090B0089A313 /* Release */ = {
			isa = XCBuildConfiguration;
			buildSettings = {
				ALWAYS_SEARCH_USER_PATHS = NO;
				ASSETCATALOG_COMPILER_GENERATE_SWIFT_ASSET_SYMBOL_EXTENSIONS = YES;
				CLANG_ANALYZER_NONNULL = YES;
				CLANG_ANALYZER_NUMBER_OBJECT_CONVERSION = YES_AGGRESSIVE;
				CLANG_CXX_LANGUAGE_STANDARD = "gnu++20";
				CLANG_ENABLE_MODULES = YES;
				CLANG_ENABLE_OBJC_ARC = YES;
				CLANG_ENABLE_OBJC_WEAK = YES;
				CLANG_WARN_BLOCK_CAPTURE_AUTORELEASING = YES;
				CLANG_WARN_BOOL_CONVERSION = YES;
				CLANG_WARN_COMMA = YES;
				CLANG_WARN_CONSTANT_CONVERSION = YES;
				CLANG_WARN_DEPRECATED_OBJC_IMPLEMENTATIONS = YES;
				CLANG_WARN_DIRECT_OBJC_ISA_USAGE = YES_ERROR;
				CLANG_WARN_DOCUMENTATION_COMMENTS = YES;
				CLANG_WARN_EMPTY_BODY = YES;
				CLANG_WARN_ENUM_CONVERSION = YES;
				CLANG_WARN_INFINITE_RECURSION = YES;
				CLANG_WARN_INT_CONVERSION = YES;
				CLANG_WARN_NON_LITERAL_NULL_CONVERSION = YES;
				CLANG_WARN_OBJC_IMPLICIT_RETAIN_SELF = YES;
				CLANG_WARN_OBJC_LITERAL_CONVERSION = YES;
				CLANG_WARN_OBJC_ROOT_CLASS = YES_ERROR;
				CLANG_WARN_QUOTED_INCLUDE_IN_FRAMEWORK_HEADER = YES;
				CLANG_WARN_RANGE_LOOP_ANALYSIS = YES;
				CLANG_WARN_STRICT_PROTOTYPES = YES;
				CLANG_WARN_SUSPICIOUS_MOVE = YES;
				CLANG_WARN_UNGUARDED_AVAILABILITY = YES_AGGRESSIVE;
				CLANG_WARN_UNREACHABLE_CODE = YES;
				CLANG_WARN__DUPLICATE_METHOD_MATCH = YES;
				COPY_PHASE_STRIP = NO;
				DEBUG_INFORMATION_FORMAT = "dwarf-with-dsym";
				ENABLE_NS_ASSERTIONS = NO;
				ENABLE_STRICT_OBJC_MSGSEND = YES;
				ENABLE_USER_SCRIPT_SANDBOXING = YES;
				GCC_C_LANGUAGE_STANDARD = gnu17;
				GCC_NO_COMMON_BLOCKS = YES;
				GCC_WARN_64_TO_32_BIT_CONVERSION = YES;
				GCC_WARN_ABOUT_RETURN_TYPE = YES_ERROR;
				GCC_WARN_UNDECLARED_SELECTOR = YES;
				GCC_WARN_UNINITIALIZED_AUTOS = YES_AGGRESSIVE;
				GCC_WARN_UNUSED_FUNCTION = YES;
				GCC_WARN_UNUSED_VARIABLE = YES;
				IPHONEOS_DEPLOYMENT_TARGET = 17.5;
				LOCALIZATION_PREFERS_STRING_CATALOGS = YES;
				MTL_ENABLE_DEBUG_INFO = NO;
				MTL_FAST_MATH = YES;
				SDKROOT = iphoneos;
				SWIFT_COMPILATION_MODE = wholemodule;
				VALIDATE_PRODUCT = YES;
			};
			name = Release;
		};
		8496CC282C8F090B0089A313 /* Debug */ = {
			isa = XCBuildConfiguration;
			buildSettings = {
				ASSETCATALOG_COMPILER_APPICON_NAME = AppIcon;
				ASSETCATALOG_COMPILER_GLOBAL_ACCENT_COLOR_NAME = AccentColor;
				CODE_SIGN_STYLE = Automatic;
				CURRENT_PROJECT_VERSION = 1;
				DEVELOPMENT_ASSET_PATHS = "\"Sushi/Preview Content\"";
				ENABLE_PREVIEWS = YES;
				GENERATE_INFOPLIST_FILE = YES;
				INFOPLIST_KEY_UIApplicationSceneManifest_Generation = YES;
				INFOPLIST_KEY_UIApplicationSupportsIndirectInputEvents = YES;
				INFOPLIST_KEY_UILaunchScreen_Generation = YES;
				INFOPLIST_KEY_UISupportedInterfaceOrientations_iPad = "UIInterfaceOrientationPortrait UIInterfaceOrientationPortraitUpsideDown UIInterfaceOrientationLandscapeLeft UIInterfaceOrientationLandscapeRight";
				INFOPLIST_KEY_UISupportedInterfaceOrientations_iPhone = "UIInterfaceOrientationPortrait UIInterfaceOrientationLandscapeLeft UIInterfaceOrientationLandscapeRight";
				LD_RUNPATH_SEARCH_PATHS = (
					"$(inherited)",
					"@executable_path/Frameworks",
				);
				MARKETING_VERSION = 1.0;
				PRODUCT_BUNDLE_IDENTIFIER = my.Learn.Sushi;
				PRODUCT_NAME = "$(TARGET_NAME)";
				SWIFT_EMIT_LOC_STRINGS = YES;
				SWIFT_VERSION = 5.0;
				TARGETED_DEVICE_FAMILY = "1,2";
			};
			name = Debug;
		};
		8496CC292C8F090B0089A313 /* Release */ = {
			isa = XCBuildConfiguration;
			buildSettings = {
				ASSETCATALOG_COMPILER_APPICON_NAME = AppIcon;
				ASSETCATALOG_COMPILER_GLOBAL_ACCENT_COLOR_NAME = AccentColor;
				CODE_SIGN_STYLE = Automatic;
				CURRENT_PROJECT_VERSION = 1;
				DEVELOPMENT_ASSET_PATHS = "\"Sushi/Preview Content\"";
				ENABLE_PREVIEWS = YES;
				GENERATE_INFOPLIST_FILE = YES;
				INFOPLIST_KEY_UIApplicationSceneManifest_Generation = YES;
				INFOPLIST_KEY_UIApplicationSupportsIndirectInputEvents = YES;
				INFOPLIST_KEY_UILaunchScreen_Generation = YES;
				INFOPLIST_KEY_UISupportedInterfaceOrientations_iPad = "UIInterfaceOrientationPortrait UIInterfaceOrientationPortraitUpsideDown UIInterfaceOrientationLandscapeLeft UIInterfaceOrientationLandscapeRight";
				INFOPLIST_KEY_UISupportedInterfaceOrientations_iPhone = "UIInterfaceOrientationPortrait UIInterfaceOrientationLandscapeLeft UIInterfaceOrientationLandscapeRight";
				LD_RUNPATH_SEARCH_PATHS = (
					"$(inherited)",
					"@executable_path/Frameworks",
				);
				MARKETING_VERSION = 1.0;
				PRODUCT_BUNDLE_IDENTIFIER = my.Learn.Sushi;
				PRODUCT_NAME = "$(TARGET_NAME)";
				SWIFT_EMIT_LOC_STRINGS = YES;
				SWIFT_VERSION = 5.0;
				TARGETED_DEVICE_FAMILY = "1,2";
			};
			name = Release;
		};
/* End XCBuildConfiguration section */

/* Begin XCConfigurationList section */
		8496CC142C8F09080089A313 /* Build configuration list for PBXProject "Sushi" */ = {
			isa = XCConfigurationList;
			buildConfigurations = (
				8496CC252C8F090B0089A313 /* Debug */,
				8496CC262C8F090B0089A313 /* Release */,
			);
			defaultConfigurationIsVisible = 0;
			defaultConfigurationName = Release;
		};
		8496CC272C8F090B0089A313 /* Build configuration list for PBXNativeTarget "Sushi" */ = {
			isa = XCConfigurationList;
			buildConfigurations = (
				8496CC282C8F090B0089A313 /* Debug */,
				8496CC292C8F090B0089A313 /* Release */,
			);
			defaultConfigurationIsVisible = 0;
			defaultConfigurationName = Release;
		};
/* End XCConfigurationList section */

/* Begin XCRemoteSwiftPackageReference section */
		8496CC2A2C8F12660089A313 /* XCRemoteSwiftPackageReference "Alamofire" */ = {
			isa = XCRemoteSwiftPackageReference;
			repositoryURL = "https://github.com/Alamofire/Alamofire";
			requirement = {
				kind = upToNextMajorVersion;
				minimumVersion = 5.9.1;
			};
		};
/* End XCRemoteSwiftPackageReference section */

/* Begin XCSwiftPackageProductDependency section */
		844E68792C8F27A40079902B /* Alamofire */ = {
			isa = XCSwiftPackageProductDependency;
			package = 8496CC2A2C8F12660089A313 /* XCRemoteSwiftPackageReference "Alamofire" */;
			productName = Alamofire;
		};
/* End XCSwiftPackageProductDependency section */
	};
	rootObject = 8496CC112C8F09080089A313 /* Project object */;
}
